<?xml version="1.0" encoding="utf-8"?>
<Project ToolsVersion="4.0" xmlns="http://schemas.microsoft.com/developer/msbuild/2003">
  <ItemGroup>
    <ClCompile Include="Map.cpp" />
    <ClCompile Include="MapDrivercpp.cpp" />
    <ClCompile Include="Cards.cpp" />
    <ClCompile Include="CardsDriver.cpp" />
    <ClCompile Include="Warzone_T25.cpp" />
    <ClCompile Include="MapLoader.cpp" />
    <ClCompile Include="MapLoaderDriver.cpp" />
    <ClCompile Include="CardDUMMY.cpp" />
    <ClCompile Include="HandDUMMY.cpp" />
    <ClCompile Include="OrderDUMMY.cpp" />
    <ClCompile Include="OrderListDUMMY.cpp" />
    <ClCompile Include="Player.cpp" />
    <ClCompile Include="PlayerDriver.cpp" />
    <ClCompile Include="TerritoryDUMMY.cpp" />
  </ItemGroup>
  <ItemGroup>
    <ClCompile Include="Warzone_T25.cpp">
      <Filter>Source Files</Filter>
    <ClCompile Include="Orders.cpp">
      <Filter>Source Files</Filter>
    </ClCompile>
    <ClCompile Include="OrdersDriver.cpp">
      <Filter>Source Files</Filter>
    </ClCompile>
  </ItemGroup>
  <ItemGroup>
    <Filter>Header Files</Filter>
    <ClInclude Include="Orders.h">
    <ClInclude Include="MapLoader.h" />
    <ClInclude Include="Cards.h" />
    <ClInclude Include="Map.h" />
    <ClInclude Include="CardDUMMY.h" />
    <ClInclude Include="HandDUMMY.h" />
    <ClInclude Include="OrderDUMMY.h" />
    <ClInclude Include="OrderListDUMMY.h" />
    <ClInclude Include="Player.h" />
    <ClInclude Include="TerritoryDUMMY.h" />
  </ItemGroup>
  <ItemGroup>
    <None Include="..\..\canada\canada.map" />
  </ItemGroup>
</Project>